
Microsoft Visual Studio Solution File, Format Version 12.00
# Visual Studio 15
VisualStudioVersion = 15.0.28307.757
MinimumVisualStudioVersion = 10.0.40219.1
Project("{FAE04EC0-301F-11D3-BF4B-00C04F79EFBC}") = "TedaOCR", "TedaOCR\TedaOCR.csproj", "{72A6401C-5133-4A2F-8014-80C137026D93}"
EndProject
Global
	GlobalSection(SolutionConfigurationPlatforms) = preSolution
		Debug|Any CPU = Debug|Any CPU
		Release|Any CPU = Release|Any CPU
	EndGlobalSection
	GlobalSection(ProjectConfigurationPlatforms) = postSolution
		{72A6401C-5133-4A2F-8014-80C137026D93}.Debug|Any CPU.ActiveCfg = Debug|Any CPU
		{72A6401C-5133-4A2F-8014-80C137026D93}.Debug|Any CPU.Build.0 = Debug|Any CPU
		{72A6401C-5133-4A2F-8014-80C137026D93}.Release|Any CPU.ActiveCfg = Release|Any CPU
		{72A6401C-5133-4A2F-8014-80C137026D93}.Release|Any CPU.Build.0 = Release|Any CPU
	EndGlobalSection
	GlobalSection(SolutionProperties) = preSolution
		HideSolutionNode = FALSE
	EndGlobalSection
	GlobalSection(ExtensibilityGlobals) = postSolution
		SolutionGuid = {66228E71-FCB0-48AF-9788-2BF9B21FA9FE}
	EndGlobalSection
EndGlobal
